Microsoft Visual Studio Solution File, Format Version 12.00
# Visual Studio 14
VisualStudioVersion = 14.0.24720.0
MinimumVisualStudioVersion = 10.0.40219.1
Project("{FAE04EC0-301F-11D3-BF4B-00C04F79EFBC}") = "CS422", "CS422.csproj", "{E1993701-E9AE-4288-9DB3-D59FDA152228}"
EndProject
Project("{FAE04EC0-301F-11D3-BF4B-00C04F79EFBC}") = "HW2Tests", "HW2Tests\HW2Tests.csproj", "{77DAFBEB-3F61-4A9A-B395-22008161C5DB}"
EndProject
Project("{FAE04EC0-301F-11D3-BF4B-00C04F79EFBC}") = "HW6", "HW6\HW6.csproj", "{2BE3E04D-65F4-439D-ACCC-96FE4D1BD63D}"
EndProject
Project("{FAE04EC0-301F-11D3-BF4B-00C04F79EFBC}") = "HW5", "HW5\HW5.csproj", "{0C7C4A17-0EA6-4C10-A11C-47157B15874D}"
EndProject
Project("{FAE04EC0-301F-11D3-BF4B-00C04F79EFBC}") = "HW3", "HW3\HW3.csproj", "{E509919C-DA9A-47CA-A9B2-C08CA79C49B1}"
EndProject
Project("{FAE04EC0-301F-11D3-BF4B-00C04F79EFBC}") = "HW2", "HW2\HW2.csproj", "{21D540AD-4A18-4CF2-96B6-99F9B2461834}"
EndProject
Project("{FAE04EC0-301F-11D3-BF4B-00C04F79EFBC}") = "HW1", "HW1\HW1.csproj", "{D60B0BE9-4DFB-4480-A8B0-03EE06FE96FD}"
EndProject
Project("{FAE04EC0-301F-11D3-BF4B-00C04F79EFBC}") = "HW6Tests", "..\HW6Tests\HW6Tests.csproj", "{FBFA6821-FF1A-4D11-A2AE-BB68B44DE2C5}"
EndProject
Project("{FAE04EC0-301F-11D3-BF4B-00C04F79EFBC}") = "HW5Tests", "HW5Tests\HW5Tests.csproj", "{0D9B5A95-F35F-4D12-83D2-A970085F08F8}"
EndProject
Project("{FAE04EC0-301F-11D3-BF4B-00C04F79EFBC}") = "HW8", "HW8\HW8.csproj", "{EB2705F4-A32D-4899-8108-D686D23682BE}"
EndProject
Project("{FAE04EC0-301F-11D3-BF4B-00C04F79EFBC}") = "HW8Tests", "HW8Tests\HW8Tests.csproj", "{E5D8EF54-F623-4CD6-8B3E-D9D73921654A}"
EndProject
Project("{FAE04EC0-301F-11D3-BF4B-00C04F79EFBC}") = "HW9", "HW9\HW9.csproj", "{FD4F61AA-4F23-40B1-904F-603A0B461BC7}"
EndProject
Project("{FAE04EC0-301F-11D3-BF4B-00C04F79EFBC}") = "HW10", "HW10\HW10.csproj", "{1D043AA2-9F83-4648-8083-528177BD39EE}"
EndProject
Project("{FAE04EC0-301F-11D3-BF4B-00C04F79EFBC}") = "HW12", "HW12\HW12.csproj", "{A9F8AE1D-2A82-4E44-9EB0-CD72F61AFA75}"
EndProject
Project("{FAE04EC0-301F-11D3-BF4B-00C04F79EFBC}") = "HW12Tests", "HW12Tests\HW12Tests.csproj", "{F024BB15-EDCE-4B55-92B6-7692A7EB40D8}"
EndProject
Global
	GlobalSection(SolutionConfigurationPlatforms) = preSolution
		Debug|Any CPU = Debug|Any CPU
		Release|Any CPU = Release|Any CPU
	EndGlobalSection
	GlobalSection(ProjectConfigurationPlatforms) = postSolution
		{E1993701-E9AE-4288-9DB3-D59FDA152228}.Debug|Any CPU.ActiveCfg = Debug|Any CPU
		{E1993701-E9AE-4288-9DB3-D59FDA152228}.Debug|Any CPU.Build.0 = Debug|Any CPU
		{E1993701-E9AE-4288-9DB3-D59FDA152228}.Release|Any CPU.ActiveCfg = Release|Any CPU
		{E1993701-E9AE-4288-9DB3-D59FDA152228}.Release|Any CPU.Build.0 = Release|Any CPU
		{77DAFBEB-3F61-4A9A-B395-22008161C5DB}.Debug|Any CPU.ActiveCfg = Debug|Any CPU
		{77DAFBEB-3F61-4A9A-B395-22008161C5DB}.Debug|Any CPU.Build.0 = Debug|Any CPU
		{77DAFBEB-3F61-4A9A-B395-22008161C5DB}.Release|Any CPU.ActiveCfg = Release|Any CPU
		{77DAFBEB-3F61-4A9A-B395-22008161C5DB}.Release|Any CPU.Build.0 = Release|Any CPU
		{2BE3E04D-65F4-439D-ACCC-96FE4D1BD63D}.Debug|Any CPU.ActiveCfg = Debug|Any CPU
		{2BE3E04D-65F4-439D-ACCC-96FE4D1BD63D}.Debug|Any CPU.Build.0 = Debug|Any CPU
		{2BE3E04D-65F4-439D-ACCC-96FE4D1BD63D}.Release|Any CPU.ActiveCfg = Release|Any CPU
		{2BE3E04D-65F4-439D-ACCC-96FE4D1BD63D}.Release|Any CPU.Build.0 = Release|Any CPU
		{0C7C4A17-0EA6-4C10-A11C-47157B15874D}.Debug|Any CPU.ActiveCfg = Debug|Any CPU
		{0C7C4A17-0EA6-4C10-A11C-47157B15874D}.Debug|Any CPU.Build.0 = Debug|Any CPU
		{0C7C4A17-0EA6-4C10-A11C-47157B15874D}.Release|Any CPU.ActiveCfg = Release|Any CPU
		{0C7C4A17-0EA6-4C10-A11C-47157B15874D}.Release|Any CPU.Build.0 = Release|Any CPU
		{E509919C-DA9A-47CA-A9B2-C08CA79C49B1}.Debug|Any CPU.ActiveCfg = Debug|Any CPU
		{E509919C-DA9A-47CA-A9B2-C08CA79C49B1}.Debug|Any CPU.Build.0 = Debug|Any CPU
		{E509919C-DA9A-47CA-A9B2-C08CA79C49B1}.Release|Any CPU.ActiveCfg = Release|Any CPU
		{E509919C-DA9A-47CA-A9B2-C08CA79C49B1}.Release|Any CPU.Build.0 = Release|Any CPU
		{21D540AD-4A18-4CF2-96B6-99F9B2461834}.Debug|Any CPU.ActiveCfg = Debug|Any CPU
		{21D540AD-4A18-4CF2-96B6-99F9B2461834}.Debug|Any CPU.Build.0 = Debug|Any CPU
		{21D540AD-4A18-4CF2-96B6-99F9B2461834}.Release|Any CPU.ActiveCfg = Release|Any CPU
		{21D540AD-4A18-4CF2-96B6-99F9B2461834}.Release|Any CPU.Build.0 = Release|Any CPU
		{D60B0BE9-4DFB-4480-A8B0-03EE06FE96FD}.Debug|Any CPU.ActiveCfg = Debug|Any CPU
		{D60B0BE9-4DFB-4480-A8B0-03EE06FE96FD}.Debug|Any CPU.Build.0 = Debug|Any CPU
		{D60B0BE9-4DFB-4480-A8B0-03EE06FE96FD}.Release|Any CPU.ActiveCfg = Release|Any CPU
		{D60B0BE9-4DFB-4480-A8B0-03EE06FE96FD}.Release|Any CPU.Build.0 = Release|Any CPU
		{FBFA6821-FF1A-4D11-A2AE-BB68B44DE2C5}.Debug|Any CPU.ActiveCfg = Debug|Any CPU
		{FBFA6821-FF1A-4D11-A2AE-BB68B44DE2C5}.Debug|Any CPU.Build.0 = Debug|Any CPU
		{FBFA6821-FF1A-4D11-A2AE-BB68B44DE2C5}.Release|Any CPU.ActiveCfg = Release|Any CPU
		{FBFA6821-FF1A-4D11-A2AE-BB68B44DE2C5}.Release|Any CPU.Build.0 = Release|Any CPU
		{0D9B5A95-F35F-4D12-83D2-A970085F08F8}.Debug|Any CPU.ActiveCfg = Debug|Any CPU
		{0D9B5A95-F35F-4D12-83D2-A970085F08F8}.Debug|Any CPU.Build.0 = Debug|Any CPU
		{0D9B5A95-F35F-4D12-83D2-A970085F08F8}.Release|Any CPU.ActiveCfg = Release|Any CPU
		{0D9B5A95-F35F-4D12-83D2-A970085F08F8}.Release|Any CPU.Build.0 = Release|Any CPU
		{EB2705F4-A32D-4899-8108-D686D23682BE}.Debug|Any CPU.ActiveCfg = Debug|Any CPU
		{EB2705F4-A32D-4899-8108-D686D23682BE}.Debug|Any CPU.Build.0 = Debug|Any CPU
		{EB2705F4-A32D-4899-8108-D686D23682BE}.Release|Any CPU.ActiveCfg = Release|Any CPU
		{EB2705F4-A32D-4899-8108-D686D23682BE}.Release|Any CPU.Build.0 = Release|Any CPU
		{E5D8EF54-F623-4CD6-8B3E-D9D73921654A}.Debug|Any CPU.ActiveCfg = Debug|Any CPU
		{E5D8EF54-F623-4CD6-8B3E-D9D73921654A}.Debug|Any CPU.Build.0 = Debug|Any CPU
		{E5D8EF54-F623-4CD6-8B3E-D9D73921654A}.Release|Any CPU.ActiveCfg = Release|Any CPU
		{E5D8EF54-F623-4CD6-8B3E-D9D73921654A}.Release|Any CPU.Build.0 = Release|Any CPU
		{FD4F61AA-4F23-40B1-904F-603A0B461BC7}.Debug|Any CPU.ActiveCfg = Debug|Any CPU
		{FD4F61AA-4F23-40B1-904F-603A0B461BC7}.Debug|Any CPU.Build.0 = Debug|Any CPU
		{FD4F61AA-4F23-40B1-904F-603A0B461BC7}.Release|Any CPU.ActiveCfg = Release|Any CPU
		{FD4F61AA-4F23-40B1-904F-603A0B461BC7}.Release|Any CPU.Build.0 = Release|Any CPU
		{1D043AA2-9F83-4648-8083-528177BD39EE}.Debug|Any CPU.ActiveCfg = Debug|Any CPU
		{1D043AA2-9F83-4648-8083-528177BD39EE}.Debug|Any CPU.Build.0 = Debug|Any CPU
		{1D043AA2-9F83-4648-8083-528177BD39EE}.Release|Any CPU.ActiveCfg = Release|Any CPU
		{1D043AA2-9F83-4648-8083-528177BD39EE}.Release|Any CPU.Build.0 = Release|Any CPU
		{A9F8AE1D-2A82-4E44-9EB0-CD72F61AFA75}.Debug|Any CPU.ActiveCfg = Debug|Any CPU
		{A9F8AE1D-2A82-4E44-9EB0-CD72F61AFA75}.Debug|Any CPU.Build.0 = Debug|Any CPU
		{A9F8AE1D-2A82-4E44-9EB0-CD72F61AFA75}.Release|Any CPU.ActiveCfg = Release|Any CPU
		{A9F8AE1D-2A82-4E44-9EB0-CD72F61AFA75}.Release|Any CPU.Build.0 = Release|Any CPU
		{F024BB15-EDCE-4B55-92B6-7692A7EB40D8}.Debug|Any CPU.ActiveCfg = Debug|Any CPU
		{F024BB15-EDCE-4B55-92B6-7692A7EB40D8}.Debug|Any CPU.Build.0 = Debug|Any CPU
		{F024BB15-EDCE-4B55-92B6-7692A7EB40D8}.Release|Any CPU.ActiveCfg = Release|Any CPU
		{F024BB15-EDCE-4B55-92B6-7692A7EB40D8}.Release|Any CPU.Build.0 = Release|Any CPU
	EndGlobalSection
	GlobalSection(SolutionProperties) = preSolution
		HideSolutionNode = FALSE
	EndGlobalSection
EndGlobal
